# This file is generated by `embr install`; do not edit it manually.
version = 2

[[package]]
name = "mayari/adpt"
version = "0.1.5"
environment = "luau"
index = "https://github.com/ember-luau/index"
type = "tar-gz"
url = "https://cdn.luaupm.com/mayari/adpt/0.1.5.tar.gz"

[[package]]
name = "mayari/common"
version = "0.1.11"
environment = "luau"
link = "common"
index = "https://github.com/ember-luau/index"
type = "tar-gz"
url = "https://cdn.luaupm.com/mayari/common/0.1.11.tar.gz"

[[package]]
name = "mayari/core"
version = "0.7.7"
environment = "luau"
link = "mayari"
index = "https://github.com/ember-luau/index"
type = "tar-gz"
url = "https://cdn.luaupm.com/mayari/core/0.7.7.tar.gz"

[[package]]
name = "mayari/d1client"
version = "0.1.1"
environment = "luau"
link = "d1client"
index = "https://github.com/ember-luau/index"
type = "tar-gz"
url = "https://cdn.luaupm.com/mayari/d1client/0.1.1.tar.gz"

[[package]]
name = "mayari/types"
version = "0.1.0"
environment = "luau"
link = "types"
index = "https://github.com/ember-luau/index"
type = "tar-gz"
url = "https://cdn.luaupm.com/mayari/types/0.1.0.tar.gz"
